
Microsoft Visual Studio Solution File, Format Version 12.00
# Visual Studio Version 16
VisualStudioVersion = 16.0.30128.74
MinimumVisualStudioVersion = 10.0.40219.1
Project("{9A19103F-16F7-4668-BE54-9A1E7A4F7556}") = "OrderManagement.Web", "OrderManagement.Web\OrderManagement.Web.csproj", "{6A3E802B-7110-4201-B7B0-FBB1A33E87E1}"
EndProject
Project("{9A19103F-16F7-4668-BE54-9A1E7A4F7556}") = "OrderManagement.DataAccess", "OrderManagement.DataAccess\OrderManagement.DataAccess.csproj", "{DD53E549-FD50-4408-AC97-168A7AB8AB95}"
EndProject
Project("{FAE04EC0-301F-11D3-BF4B-00C04F79EFBC}") = "OrderManagement.Domain", "OrderManagement.Domain\OrderManagement.Domain.csproj", "{627F5FD7-7C23-47F0-A4F5-A2FBB5B4233D}"
EndProject
Global
	GlobalSection(SolutionConfigurationPlatforms) = preSolution
		Debug|Any CPU = Debug|Any CPU
		Release|Any CPU = Release|Any CPU
	EndGlobalSection
	GlobalSection(ProjectConfigurationPlatforms) = postSolution
		{6A3E802B-7110-4201-B7B0-FBB1A33E87E1}.Debug|Any CPU.ActiveCfg = Debug|Any CPU
		{6A3E802B-7110-4201-B7B0-FBB1A33E87E1}.Debug|Any CPU.Build.0 = Debug|Any CPU
		{6A3E802B-7110-4201-B7B0-FBB1A33E87E1}.Release|Any CPU.ActiveCfg = Release|Any CPU
		{6A3E802B-7110-4201-B7B0-FBB1A33E87E1}.Release|Any CPU.Build.0 = Release|Any CPU
		{DD53E549-FD50-4408-AC97-168A7AB8AB95}.Debug|Any CPU.ActiveCfg = Debug|Any CPU
		{DD53E549-FD50-4408-AC97-168A7AB8AB95}.Debug|Any CPU.Build.0 = Debug|Any CPU
		{DD53E549-FD50-4408-AC97-168A7AB8AB95}.Release|Any CPU.ActiveCfg = Release|Any CPU
		{DD53E549-FD50-4408-AC97-168A7AB8AB95}.Release|Any CPU.Build.0 = Release|Any CPU
		{627F5FD7-7C23-47F0-A4F5-A2FBB5B4233D}.Debug|Any CPU.ActiveCfg = Debug|Any CPU
		{627F5FD7-7C23-47F0-A4F5-A2FBB5B4233D}.Debug|Any CPU.Build.0 = Debug|Any CPU
		{627F5FD7-7C23-47F0-A4F5-A2FBB5B4233D}.Release|Any CPU.ActiveCfg = Release|Any CPU
		{627F5FD7-7C23-47F0-A4F5-A2FBB5B4233D}.Release|Any CPU.Build.0 = Release|Any CPU
	EndGlobalSection
	GlobalSection(SolutionProperties) = preSolution
		HideSolutionNode = FALSE
	EndGlobalSection
	GlobalSection(ExtensibilityGlobals) = postSolution
		SolutionGuid = {E14413FA-8330-4B67-931D-AF913CFB063F}
	EndGlobalSection
EndGlobal
